<?xml version="1.0" encoding="utf-8"?>
<Project ToolsVersion="4.0" xmlns="http://schemas.microsoft.com/developer/msbuild/2003">
  <ItemGroup>
    <Filter Include="Source Files">
      <UniqueIdentifier>{4FC737F1-C7A5-4376-A066-2A32D752A2FF}</UniqueIdentifier>
      <Extensions>cpp;c;cc;cxx;def;odl;idl;hpj;bat;asm;asmx</Extensions>
    </Filter>
    <Filter Include="Header Files">
      <UniqueIdentifier>{93995380-89BD-4b04-88EB-625FBE52EBFB}</UniqueIdentifier>
      <Extensions>h;hh;hpp;hxx;hm;inl;inc;xsd</Extensions>
    </Filter>
    <Filter Include="Source Files\Resource Files">
      <UniqueIdentifier>{67DA6AB6-F800-4c08-8B7A-83BB121AAD01}</UniqueIdentifier>
      <Extensions>rc;ico;cur;bmp;dlg;rc2;rct;bin;rgs;gif;jpg;jpeg;jpe;resx;tiff;tif;png;wav;mfcribbon-ms</Extensions>
    </Filter>
    <Filter Include="Source Files\models">
      <UniqueIdentifier>{dead1db5-ce51-4364-97ec-fff7cf0fa96f}</UniqueIdentifier>
    </Filter>
    <Filter Include="Source Files\Shaders">
      <UniqueIdentifier>{80667922-4c4f-406e-8f9e-ae928c86fc69}</UniqueIdentifier>
    </Filter>
  </ItemGroup>
  <ItemGroup>
    <ClCompile Include="main.cpp">
      <Filter>Source Files</Filter>
    </ClCompile>
    <ClCompile Include="GameController.cpp">
      <Filter>Source Files</Filter>
    </ClCompile>
    <ClCompile Include="Models\Barrier.cpp">
      <Filter>Source Files\models</Filter>
    </ClCompile>
    <ClCompile Include="Models\Bridge.cpp">
      <Filter>Source Files\models</Filter>
    </ClCompile>
    <ClCompile Include="Models\ImportedModel.cpp">
      <Filter>Source Files</Filter>
    </ClCompile>
    <ClCompile Include="Models\kart.cpp">
      <Filter>Source Files\models</Filter>
    </ClCompile>
    <ClCompile Include="Models\Model.cpp">
      <Filter>Source Files\models</Filter>
    </ClCompile>
    <ClCompile Include="Models\Plane.cpp">
      <Filter>Source Files\models</Filter>
    </ClCompile>
    <ClCompile Include="Models\Road.cpp">
      <Filter>Source Files\models</Filter>
    </ClCompile>
    <ClCompile Include="Models\StartLine.cpp">
      <Filter>Source Files</Filter>
    </ClCompile>
    <ClCompile Include="Models\Tree.cpp">
      <Filter>Source Files</Filter>
    </ClCompile>
    <ClCompile Include="Camera\Camera.cpp">
      <Filter>Source Files</Filter>
    </ClCompile>
    <ClCompile Include="DepthMap\DepthMap.cpp">
      <Filter>Source Files</Filter>
    </ClCompile>
    <ClCompile Include="Shaders\Shader.cpp">
      <Filter>Source Files</Filter>
    </ClCompile>
    <ClCompile Include="Skybox\skybox.cpp">
      <Filter>Source Files</Filter>
    </ClCompile>
    <ClCompile Include="Light\DirectionalLight.cpp">
      <Filter>Source Files</Filter>
    </ClCompile>
    <ClCompile Include="Water\Water.cpp">
      <Filter>Source Files</Filter>
    </ClCompile>
  </ItemGroup>
  <ItemGroup>
    <ClInclude Include="SOIL.h">
      <Filter>Header Files</Filter>
    </ClInclude>
    <ClInclude Include="SplineFactory.h">
      <Filter>Header Files</Filter>
    </ClInclude>
    <ClInclude Include="GameController.h">
      <Filter>Header Files</Filter>
    </ClInclude>
    <ClInclude Include="Models\Barrier.h">
      <Filter>Header Files</Filter>
    </ClInclude>
    <ClInclude Include="Models\Bridge.h">
      <Filter>Header Files</Filter>
    </ClInclude>
    <ClInclude Include="Models\ImportedModel.h">
      <Filter>Header Files</Filter>
    </ClInclude>
    <ClInclude Include="Models\kart.h">
      <Filter>Header Files</Filter>
    </ClInclude>
    <ClInclude Include="Models\Mesh.h">
      <Filter>Header Files</Filter>
    </ClInclude>
    <ClInclude Include="Models\Model.h">
      <Filter>Header Files</Filter>
    </ClInclude>
    <ClInclude Include="Models\Plane.h">
      <Filter>Header Files</Filter>
    </ClInclude>
    <ClInclude Include="Models\Road.h">
      <Filter>Header Files</Filter>
    </ClInclude>
    <ClInclude Include="Models\StartLine.h">
      <Filter>Header Files</Filter>
    </ClInclude>
    <ClInclude Include="Models\Tree.h">
      <Filter>Header Files</Filter>
    </ClInclude>
    <ClInclude Include="Camera\Camera.h">
      <Filter>Header Files</Filter>
    </ClInclude>
    <ClInclude Include="DepthMap\DepthMap.h">
      <Filter>Header Files</Filter>
    </ClInclude>
    <ClInclude Include="Textrendering\Character.h">
      <Filter>Header Files</Filter>
    </ClInclude>
    <ClInclude Include="Shaders\Shader.h">
      <Filter>Header Files</Filter>
    </ClInclude>
    <ClInclude Include="Skybox\skybox.h">
      <Filter>Header Files</Filter>
    </ClInclude>
    <ClInclude Include="Light\DirectionalLight.h">
      <Filter>Header Files</Filter>
    </ClInclude>
    <ClInclude Include="Water\Water.h">
      <Filter>Header Files</Filter>
    </ClInclude>
    <ClInclude Include="Models\Material.h">
      <Filter>Header Files</Filter>
    </ClInclude>
  </ItemGroup>
  <ItemGroup>
    <None Include="Assets\Enzo%27s Car\enzo_car.dae" />
    <None Include="Assets\Enzo%27s Car\enzo_car.mtl" />
    <None Include="Assets\bridge\model.mtl" />
    <None Include="Assets\bridge\bridge.obj.mtl" />
    <None Include="Assets\bridge\bridge.mtl" />
    <None Include="Shaders\debugQuad.vs">
      <Filter>Source Files\Shaders</Filter>
    </None>
    <None Include="Shaders\degugQuad.fs">
      <Filter>Source Files\Shaders</Filter>
    </None>
    <None Include="Shaders\depthFShader.fs">
      <Filter>Source Files\Shaders</Filter>
    </None>
    <None Include="Shaders\depthVShader.vs">
      <Filter>Source Files\Shaders</Filter>
    </None>
    <None Include="Shaders\lightFragShader.fs">
      <Filter>Source Files\Shaders</Filter>
    </None>
    <None Include="Shaders\terrainVertexShader.vs">
      <Filter>Source Files\Shaders</Filter>
    </None>
    <None Include="Shaders\textFShader.fs">
      <Filter>Source Files\Shaders</Filter>
    </None>
    <None Include="Shaders\textVShader.vs">
      <Filter>Source Files\Shaders</Filter>
    </None>
    <None Include="Shaders\vertexShader1.vs">
      <Filter>Source Files\Shaders</Filter>
    </None>
    <None Include="Shaders\waterFShader.fs">
      <Filter>Source Files\Shaders</Filter>
    </None>
    <None Include="Shaders\waterVShader.vs">
      <Filter>Source Files\Shaders</Filter>
    </None>
    <None Include="Shaders\skybox.vs">
      <Filter>Source Files\Shaders</Filter>
    </None>
    <None Include="Shaders\skybox.fs">
      <Filter>Source Files\Shaders</Filter>
    </None>
    <None Include="Shaders\fragmentShader1.fs">
      <Filter>Source Files\Shaders</Filter>
    </None>
    <None Include="Assets\Startline\violet_car.mtl" />
  </ItemGroup>
  <ItemGroup>
    <Image Include="Assets\Enzo%27s Car\car.png">
      <Filter>Source Files\Resource Files</Filter>
    </Image>
    <Image Include="Assets\Enzo%27s Car\car_bump.png">
      <Filter>Source Files\Resource Files</Filter>
    </Image>
    <Image Include="Assets\Enzo%27s Car\inner.png">
      <Filter>Source Files\Resource Files</Filter>
    </Image>
    <Image Include="Assets\Enzo%27s Car\inner_bump.png">
      <Filter>Source Files\Resource Files</Filter>
    </Image>
    <Image Include="Assets\Enzo%27s Car\misc.png">
      <Filter>Source Files\Resource Files</Filter>
    </Image>
    <Image Include="Assets\Enzo%27s Car\misc_bump.png">
      <Filter>Source Files\Resource Files</Filter>
    </Image>
    <Image Include="Assets\bridge\0.png">
      <Filter>Source Files\Resource Files</Filter>
    </Image>
    <Image Include="Assets\bridge\1.png">
      <Filter>Source Files\Resource Files</Filter>
    </Image>
    <Image Include="Assets\bridge\2.png">
      <Filter>Source Files\Resource Files</Filter>
    </Image>
    <Image Include="Assets\bridge\3.png">
      <Filter>Source Files\Resource Files</Filter>
    </Image>
    <Image Include="Assets\bridge\4.png">
      <Filter>Source Files\Resource Files</Filter>
    </Image>
    <Image Include="Assets\Enzo%27s Car\windshield.png">
      <Filter>Source Files\Resource Files</Filter>
    </Image>
    <Image Include="Assets\bridge\rock 5.png">
      <Filter>Source Files\Resource Files</Filter>
    </Image>
    <Image Include="Assets\bridge\brick.jpg">
      <Filter>Source Files\Resource Files</Filter>
    </Image>
    <Image Include="Assets\Startline\rubberTex.jpg">
      <Filter>Source Files\Resource Files</Filter>
    </Image>
    <Image Include="Assets\Startline\t0001_0.png">
      <Filter>Source Files\Resource Files</Filter>
    </Image>
    <Image Include="Assets\Startline\platic.jpg">
      <Filter>Source Files\Resource Files</Filter>
    </Image>
    <Image Include="Assets\Textures\tunnel_road.jpg">
      <Filter>Source Files\Resource Files</Filter>
    </Image>
    <Image Include="Assets\Textures\tree.png">
      <Filter>Source Files\Resource Files</Filter>
    </Image>
    <Image Include="Assets\Textures\opengl.png">
      <Filter>Source Files\Resource Files</Filter>
    </Image>
    <Image Include="Assets\Textures\grass.jpg">
      <Filter>Source Files\Resource Files</Filter>
    </Image>
    <Image Include="Assets\HeightMap\terrain2.tga">
      <Filter>Source Files\Resource Files</Filter>
    </Image>
  </ItemGroup>
  <ItemGroup>
    <Text Include="Assets\Enzo%27s Car\info.txt" />
    <Text Include="Assets\Enzo%27s Car\enzo_car.obj" />
    <Text Include="Assets\bridge\model.obj" />
    <Text Include="Assets\bridge\bridge.obj" />
    <Text Include="Assets\Startline\info.txt" />
    <Text Include="Assets\Startline\violet_car.obj" />
  </ItemGroup>
</Project>